
Microsoft Visual Studio Solution File, Format Version 12.00
# Visual Studio 14
VisualStudioVersion = 14.0.23107.0
MinimumVisualStudioVersion = 10.0.40219.1
Project("{2150E333-8FDC-42A3-9474-1A3956D46DE8}") = "boost", "boost", "{655090D1-BBAE-4728-86D8-CDC4336CCD3A}"
EndProject
Project("{2150E333-8FDC-42A3-9474-1A3956D46DE8}") = "stl", "stl", "{3E540049-7ED1-4596-9F7E-604A8E25FC32}"
EndProject
Project("{2150E333-8FDC-42A3-9474-1A3956D46DE8}") = "qna", "qna", "{3B4E0231-9C95-42D5-9FEC-2A55F62D9E46}"
EndProject
Project("{2150E333-8FDC-42A3-9474-1A3956D46DE8}") = "design_patterns", "design_patterns", "{54BD466D-CD93-481C-B50A-5090641FCF13}"
EndProject
Project("{2150E333-8FDC-42A3-9474-1A3956D46DE8}") = "cpp_basis", "cpp_basis", "{3E3D5467-9CD1-46DD-BBA8-3AADA8D655EC}"
EndProject
Project("{2150E333-8FDC-42A3-9474-1A3956D46DE8}") = "cpp_advanced", "cpp_advanced", "{3BAD8B9C-1388-4E91-A0F8-6FBF401A05E6}"
EndProject
Project("{8BC9CEB8-8B4A-11D0-8D11-00A0C91BC942}") = "Max", "qna\Max\Max.vcxproj", "{AA5605DE-88E4-4B4F-8A73-D76D3499BD47}"
EndProject
Project("{8BC9CEB8-8B4A-11D0-8D11-00A0C91BC942}") = "Pi", "qna\Pi\Pi.vcxproj", "{AF5FB8E7-0B61-4AD6-9A59-9C53A397515E}"
EndProject
Project("{8BC9CEB8-8B4A-11D0-8D11-00A0C91BC942}") = "SortArray", "qna\SortArray\SortArray.vcxproj", "{FAC1B025-5E5D-4FE0-81CE-F29BCDB0968C}"
EndProject
Project("{8BC9CEB8-8B4A-11D0-8D11-00A0C91BC942}") = "TransposeMatrix", "qna\TransposeMatrix\TransposeMatrix.vcxproj", "{01FDCE3F-B511-46A2-AF32-8FBDC3FD271E}"
EndProject
Project("{8BC9CEB8-8B4A-11D0-8D11-00A0C91BC942}") = "AsymmetryWord", "qna\AsymmetryWord\AsymmetryWord.vcxproj", "{67DE49C5-6BE4-4E4F-B2D7-FB7F5AB68F46}"
EndProject
Project("{8BC9CEB8-8B4A-11D0-8D11-00A0C91BC942}") = "Factorial", "qna\Factorial\Factorial.vcxproj", "{D036698F-7B8D-4A02-A89B-6596999C0614}"
EndProject
Project("{8BC9CEB8-8B4A-11D0-8D11-00A0C91BC942}") = "MathsPuzzle", "qna\MathsPuzzle\MathsPuzzle.vcxproj", "{763F3E76-013F-431F-A16E-8AF1330EADE2}"
EndProject
Global
	GlobalSection(SolutionConfigurationPlatforms) = preSolution
		Debug|x64 = Debug|x64
		Debug|x86 = Debug|x86
		Release|x64 = Release|x64
		Release|x86 = Release|x86
	EndGlobalSection
	GlobalSection(ProjectConfigurationPlatforms) = postSolution
		{AA5605DE-88E4-4B4F-8A73-D76D3499BD47}.Debug|x64.ActiveCfg = Debug|x64
		{AA5605DE-88E4-4B4F-8A73-D76D3499BD47}.Debug|x64.Build.0 = Debug|x64
		{AA5605DE-88E4-4B4F-8A73-D76D3499BD47}.Debug|x86.ActiveCfg = Debug|Win32
		{AA5605DE-88E4-4B4F-8A73-D76D3499BD47}.Debug|x86.Build.0 = Debug|Win32
		{AA5605DE-88E4-4B4F-8A73-D76D3499BD47}.Release|x64.ActiveCfg = Release|x64
		{AA5605DE-88E4-4B4F-8A73-D76D3499BD47}.Release|x64.Build.0 = Release|x64
		{AA5605DE-88E4-4B4F-8A73-D76D3499BD47}.Release|x86.ActiveCfg = Release|Win32
		{AA5605DE-88E4-4B4F-8A73-D76D3499BD47}.Release|x86.Build.0 = Release|Win32
		{AF5FB8E7-0B61-4AD6-9A59-9C53A397515E}.Debug|x64.ActiveCfg = Debug|x64
		{AF5FB8E7-0B61-4AD6-9A59-9C53A397515E}.Debug|x64.Build.0 = Debug|x64
		{AF5FB8E7-0B61-4AD6-9A59-9C53A397515E}.Debug|x86.ActiveCfg = Debug|Win32
		{AF5FB8E7-0B61-4AD6-9A59-9C53A397515E}.Debug|x86.Build.0 = Debug|Win32
		{AF5FB8E7-0B61-4AD6-9A59-9C53A397515E}.Release|x64.ActiveCfg = Release|x64
		{AF5FB8E7-0B61-4AD6-9A59-9C53A397515E}.Release|x64.Build.0 = Release|x64
		{AF5FB8E7-0B61-4AD6-9A59-9C53A397515E}.Release|x86.ActiveCfg = Release|Win32
		{AF5FB8E7-0B61-4AD6-9A59-9C53A397515E}.Release|x86.Build.0 = Release|Win32
		{FAC1B025-5E5D-4FE0-81CE-F29BCDB0968C}.Debug|x64.ActiveCfg = Debug|x64
		{FAC1B025-5E5D-4FE0-81CE-F29BCDB0968C}.Debug|x64.Build.0 = Debug|x64
		{FAC1B025-5E5D-4FE0-81CE-F29BCDB0968C}.Debug|x86.ActiveCfg = Debug|Win32
		{FAC1B025-5E5D-4FE0-81CE-F29BCDB0968C}.Debug|x86.Build.0 = Debug|Win32
		{FAC1B025-5E5D-4FE0-81CE-F29BCDB0968C}.Release|x64.ActiveCfg = Release|x64
		{FAC1B025-5E5D-4FE0-81CE-F29BCDB0968C}.Release|x64.Build.0 = Release|x64
		{FAC1B025-5E5D-4FE0-81CE-F29BCDB0968C}.Release|x86.ActiveCfg = Release|Win32
		{FAC1B025-5E5D-4FE0-81CE-F29BCDB0968C}.Release|x86.Build.0 = Release|Win32
		{01FDCE3F-B511-46A2-AF32-8FBDC3FD271E}.Debug|x64.ActiveCfg = Debug|x64
		{01FDCE3F-B511-46A2-AF32-8FBDC3FD271E}.Debug|x64.Build.0 = Debug|x64
		{01FDCE3F-B511-46A2-AF32-8FBDC3FD271E}.Debug|x86.ActiveCfg = Debug|Win32
		{01FDCE3F-B511-46A2-AF32-8FBDC3FD271E}.Debug|x86.Build.0 = Debug|Win32
		{01FDCE3F-B511-46A2-AF32-8FBDC3FD271E}.Release|x64.ActiveCfg = Release|x64
		{01FDCE3F-B511-46A2-AF32-8FBDC3FD271E}.Release|x64.Build.0 = Release|x64
		{01FDCE3F-B511-46A2-AF32-8FBDC3FD271E}.Release|x86.ActiveCfg = Release|Win32
		{01FDCE3F-B511-46A2-AF32-8FBDC3FD271E}.Release|x86.Build.0 = Release|Win32
		{67DE49C5-6BE4-4E4F-B2D7-FB7F5AB68F46}.Debug|x64.ActiveCfg = Debug|x64
		{67DE49C5-6BE4-4E4F-B2D7-FB7F5AB68F46}.Debug|x64.Build.0 = Debug|x64
		{67DE49C5-6BE4-4E4F-B2D7-FB7F5AB68F46}.Debug|x86.ActiveCfg = Debug|Win32
		{67DE49C5-6BE4-4E4F-B2D7-FB7F5AB68F46}.Debug|x86.Build.0 = Debug|Win32
		{67DE49C5-6BE4-4E4F-B2D7-FB7F5AB68F46}.Release|x64.ActiveCfg = Release|x64
		{67DE49C5-6BE4-4E4F-B2D7-FB7F5AB68F46}.Release|x64.Build.0 = Release|x64
		{67DE49C5-6BE4-4E4F-B2D7-FB7F5AB68F46}.Release|x86.ActiveCfg = Release|Win32
		{67DE49C5-6BE4-4E4F-B2D7-FB7F5AB68F46}.Release|x86.Build.0 = Release|Win32
		{D036698F-7B8D-4A02-A89B-6596999C0614}.Debug|x64.ActiveCfg = Debug|x64
		{D036698F-7B8D-4A02-A89B-6596999C0614}.Debug|x64.Build.0 = Debug|x64
		{D036698F-7B8D-4A02-A89B-6596999C0614}.Debug|x86.ActiveCfg = Debug|Win32
		{D036698F-7B8D-4A02-A89B-6596999C0614}.Debug|x86.Build.0 = Debug|Win32
		{D036698F-7B8D-4A02-A89B-6596999C0614}.Release|x64.ActiveCfg = Release|x64
		{D036698F-7B8D-4A02-A89B-6596999C0614}.Release|x64.Build.0 = Release|x64
		{D036698F-7B8D-4A02-A89B-6596999C0614}.Release|x86.ActiveCfg = Release|Win32
		{D036698F-7B8D-4A02-A89B-6596999C0614}.Release|x86.Build.0 = Release|Win32
		{763F3E76-013F-431F-A16E-8AF1330EADE2}.Debug|x64.ActiveCfg = Debug|x64
		{763F3E76-013F-431F-A16E-8AF1330EADE2}.Debug|x64.Build.0 = Debug|x64
		{763F3E76-013F-431F-A16E-8AF1330EADE2}.Debug|x86.ActiveCfg = Debug|Win32
		{763F3E76-013F-431F-A16E-8AF1330EADE2}.Debug|x86.Build.0 = Debug|Win32
		{763F3E76-013F-431F-A16E-8AF1330EADE2}.Release|x64.ActiveCfg = Release|x64
		{763F3E76-013F-431F-A16E-8AF1330EADE2}.Release|x64.Build.0 = Release|x64
		{763F3E76-013F-431F-A16E-8AF1330EADE2}.Release|x86.ActiveCfg = Release|Win32
		{763F3E76-013F-431F-A16E-8AF1330EADE2}.Release|x86.Build.0 = Release|Win32
	EndGlobalSection
	GlobalSection(SolutionProperties) = preSolution
		HideSolutionNode = FALSE
	EndGlobalSection
	GlobalSection(NestedProjects) = preSolution
		{AA5605DE-88E4-4B4F-8A73-D76D3499BD47} = {3B4E0231-9C95-42D5-9FEC-2A55F62D9E46}
		{AF5FB8E7-0B61-4AD6-9A59-9C53A397515E} = {3B4E0231-9C95-42D5-9FEC-2A55F62D9E46}
		{FAC1B025-5E5D-4FE0-81CE-F29BCDB0968C} = {3B4E0231-9C95-42D5-9FEC-2A55F62D9E46}
		{01FDCE3F-B511-46A2-AF32-8FBDC3FD271E} = {3B4E0231-9C95-42D5-9FEC-2A55F62D9E46}
		{67DE49C5-6BE4-4E4F-B2D7-FB7F5AB68F46} = {3B4E0231-9C95-42D5-9FEC-2A55F62D9E46}
		{D036698F-7B8D-4A02-A89B-6596999C0614} = {3B4E0231-9C95-42D5-9FEC-2A55F62D9E46}
		{763F3E76-013F-431F-A16E-8AF1330EADE2} = {3B4E0231-9C95-42D5-9FEC-2A55F62D9E46}
	EndGlobalSection
EndGlobal
